{
    "version": 3,
    "terraform_version": "0.9.11",
    "serial": 3,
    "lineage": "f7ad9257-98b1-48e6-861b-7213e2a9f07e",
    "modules": [
        {
            "path": [
                "root"
            ],
            "outputs": {},
            "resources": {
                "aviatrix_tunnel.test_tunnel1": {
                    "type": "aviatrix_tunnel",
                    "depends_on": [],
                    "primary": {
                        "id": "avtxgw1avtxgw2",
                        "attributes": {
                            "cluster": "no",
                            "id": "avtxgw1avtxgw2",
                            "over_aws_peering": "no",
                            "peering_hastatus": "disabled",
                            "peering_link": "",
                            "peering_state": "Up",
                            "vpc_name1": "avtxgw1",
                            "vpc_name2": "avtxgw2"
                        },
                        "meta": {},
                        "tainted": false
                    },
                    "deposed": [],
                    "provider": ""
                }
            },
            "depends_on": []
        }
    ]
}
