{
    "version": 3,
    "terraform_version": "0.9.11",
    "serial": 0,
    "lineage": "84bab872-7090-4fd6-8c4f-a4006cf15914",
    "modules": [
        {
            "path": [
                "root"
            ],
            "outputs": {},
            "resources": {
                "aviatrix_gateway.test_gateway2": {
                    "type": "aviatrix_gateway",
                    "depends_on": [],
                    "primary": {
                        "id": "avtxgw3",
                        "attributes": {
                            "account_name": "devops",
                            "cloud_type": "1",
                            "gw_name": "avtxgw3",
                            "id": "avtxgw3",
                            "vpc_id": "vpc-0d7b3664",
                            "vpc_net": "avtxgw3_sub1~~10.3.0.0/24~~ap-south-1a",
                            "vpc_reg": "ap-south-1",
                            "vpc_size": "t2.micro"
                        },
                        "meta": {},
                        "tainted": false
                    },
                    "deposed": [],
                    "provider": ""
                }
            },
            "depends_on": []
        }
    ]
}
